
Microsoft Visual Studio Solution File, Format Version 12.00
# Visual Studio Version 16
VisualStudioVersion = 16.0.30611.23
MinimumVisualStudioVersion = 10.0.40219.1
Project("{2150E333-8FDC-42A3-9474-1A3956D46DE8}") = "Application", "Application", "{4FCDCD67-937C-4550-A485-69B41B60AC92}"
EndProject
Project("{2150E333-8FDC-42A3-9474-1A3956D46DE8}") = "DataAccess", "DataAccess", "{0740385E-BA29-47B4-AE4C-A5CDB52C0085}"
EndProject
Project("{FAE04EC0-301F-11D3-BF4B-00C04F79EFBC}") = "Planifier.DataAccess", "Planifier.DataAccess\Planifier.DataAccess.csproj", "{E632F8F4-700D-426F-A161-72115FC45456}"
EndProject
Project("{FAE04EC0-301F-11D3-BF4B-00C04F79EFBC}") = "Planifier.DataAccess.Object", "Planifier.DataAccess.Object\Planifier.DataAccess.Object.csproj", "{0A043E5D-F35E-4E72-9FCD-8AFB5D9AA35B}"
EndProject
Project("{FAE04EC0-301F-11D3-BF4B-00C04F79EFBC}") = "Planifier.Web", "Planifier.Web\Planifier.Web.csproj", "{24DFC63F-0BF0-4FDE-BE68-0DF36E056388}"
EndProject
Project("{2150E333-8FDC-42A3-9474-1A3956D46DE8}") = "Business", "Business", "{7E7A1936-BF32-42F3-9BB7-EF394E876F22}"
EndProject
Project("{FAE04EC0-301F-11D3-BF4B-00C04F79EFBC}") = "Planifier.BusinessLogicLayer", "Planifier.BusinessLogicLayer\Planifier.BusinessLogicLayer.csproj", "{C035720C-98BD-4295-B164-0E033038E456}"
EndProject
Project("{2150E333-8FDC-42A3-9474-1A3956D46DE8}") = "Tests", "Tests", "{37FC6D8A-B213-4C19-A206-776B66B9F30F}"
EndProject
Project("{FAE04EC0-301F-11D3-BF4B-00C04F79EFBC}") = "Planifier.UnitTest", "Planifier.UnitTest\Planifier.UnitTest.csproj", "{874B9FC9-F951-46A2-923B-A676F5C9D660}"
EndProject
Project("{2150E333-8FDC-42A3-9474-1A3956D46DE8}") = "Service", "Service", "{B3ADF92F-A146-44EC-9D12-262D365E9F07}"
EndProject
Project("{FAE04EC0-301F-11D3-BF4B-00C04F79EFBC}") = "Planifier.Service", "Planifier.Service\Planifier.Service.csproj", "{8C9B17C2-C5FC-41E3-8D01-D69EEF9C2C22}"
EndProject
Global
	GlobalSection(SolutionConfigurationPlatforms) = preSolution
		Debug|Any CPU = Debug|Any CPU
		Release|Any CPU = Release|Any CPU
	EndGlobalSection
	GlobalSection(ProjectConfigurationPlatforms) = postSolution
		{E632F8F4-700D-426F-A161-72115FC45456}.Debug|Any CPU.ActiveCfg = Debug|Any CPU
		{E632F8F4-700D-426F-A161-72115FC45456}.Debug|Any CPU.Build.0 = Debug|Any CPU
		{E632F8F4-700D-426F-A161-72115FC45456}.Release|Any CPU.ActiveCfg = Release|Any CPU
		{E632F8F4-700D-426F-A161-72115FC45456}.Release|Any CPU.Build.0 = Release|Any CPU
		{0A043E5D-F35E-4E72-9FCD-8AFB5D9AA35B}.Debug|Any CPU.ActiveCfg = Debug|Any CPU
		{0A043E5D-F35E-4E72-9FCD-8AFB5D9AA35B}.Debug|Any CPU.Build.0 = Debug|Any CPU
		{0A043E5D-F35E-4E72-9FCD-8AFB5D9AA35B}.Release|Any CPU.ActiveCfg = Release|Any CPU
		{0A043E5D-F35E-4E72-9FCD-8AFB5D9AA35B}.Release|Any CPU.Build.0 = Release|Any CPU
		{24DFC63F-0BF0-4FDE-BE68-0DF36E056388}.Debug|Any CPU.ActiveCfg = Debug|Any CPU
		{24DFC63F-0BF0-4FDE-BE68-0DF36E056388}.Debug|Any CPU.Build.0 = Debug|Any CPU
		{24DFC63F-0BF0-4FDE-BE68-0DF36E056388}.Release|Any CPU.ActiveCfg = Release|Any CPU
		{24DFC63F-0BF0-4FDE-BE68-0DF36E056388}.Release|Any CPU.Build.0 = Release|Any CPU
		{C035720C-98BD-4295-B164-0E033038E456}.Debug|Any CPU.ActiveCfg = Debug|Any CPU
		{C035720C-98BD-4295-B164-0E033038E456}.Debug|Any CPU.Build.0 = Debug|Any CPU
		{C035720C-98BD-4295-B164-0E033038E456}.Release|Any CPU.ActiveCfg = Release|Any CPU
		{C035720C-98BD-4295-B164-0E033038E456}.Release|Any CPU.Build.0 = Release|Any CPU
		{874B9FC9-F951-46A2-923B-A676F5C9D660}.Debug|Any CPU.ActiveCfg = Debug|Any CPU
		{874B9FC9-F951-46A2-923B-A676F5C9D660}.Debug|Any CPU.Build.0 = Debug|Any CPU
		{874B9FC9-F951-46A2-923B-A676F5C9D660}.Release|Any CPU.ActiveCfg = Release|Any CPU
		{874B9FC9-F951-46A2-923B-A676F5C9D660}.Release|Any CPU.Build.0 = Release|Any CPU
		{8C9B17C2-C5FC-41E3-8D01-D69EEF9C2C22}.Debug|Any CPU.ActiveCfg = Debug|Any CPU
		{8C9B17C2-C5FC-41E3-8D01-D69EEF9C2C22}.Debug|Any CPU.Build.0 = Debug|Any CPU
		{8C9B17C2-C5FC-41E3-8D01-D69EEF9C2C22}.Release|Any CPU.ActiveCfg = Release|Any CPU
		{8C9B17C2-C5FC-41E3-8D01-D69EEF9C2C22}.Release|Any CPU.Build.0 = Release|Any CPU
	EndGlobalSection
	GlobalSection(SolutionProperties) = preSolution
		HideSolutionNode = FALSE
	EndGlobalSection
	GlobalSection(NestedProjects) = preSolution
		{E632F8F4-700D-426F-A161-72115FC45456} = {0740385E-BA29-47B4-AE4C-A5CDB52C0085}
		{0A043E5D-F35E-4E72-9FCD-8AFB5D9AA35B} = {0740385E-BA29-47B4-AE4C-A5CDB52C0085}
		{24DFC63F-0BF0-4FDE-BE68-0DF36E056388} = {4FCDCD67-937C-4550-A485-69B41B60AC92}
		{C035720C-98BD-4295-B164-0E033038E456} = {7E7A1936-BF32-42F3-9BB7-EF394E876F22}
		{874B9FC9-F951-46A2-923B-A676F5C9D660} = {37FC6D8A-B213-4C19-A206-776B66B9F30F}
		{8C9B17C2-C5FC-41E3-8D01-D69EEF9C2C22} = {B3ADF92F-A146-44EC-9D12-262D365E9F07}
	EndGlobalSection
	GlobalSection(ExtensibilityGlobals) = postSolution
		SolutionGuid = {5869101F-2D6B-4CA6-B43E-84DAB692A836}
	EndGlobalSection
EndGlobal
